
Microsoft Visual Studio Solution File, Format Version 12.00
# Visual Studio 15
VisualStudioVersion = 15.0.27703.2047
MinimumVisualStudioVersion = 10.0.40219.1
Project("{FAE04EC0-301F-11D3-BF4B-00C04F79EFBC}") = "Blog.Modelo", "Blog.Modelo\Blog.Modelo.csproj", "{263AF96B-9995-4111-B27E-FD6042E3CFE3}"
EndProject
Project("{FAE04EC0-301F-11D3-BF4B-00C04F79EFBC}") = "Blog.Datos", "Blog.Datos\Blog.Datos.csproj", "{B3095AC0-4CC7-4169-94B9-C85E2DC6E68D}"
EndProject
Project("{FAE04EC0-301F-11D3-BF4B-00C04F79EFBC}") = "Blog.ViewModels", "Blog.ViewModels\Blog.ViewModels.csproj", "{1739CA45-9637-4B80-A054-C7A9B13C9657}"
EndProject
Project("{FAE04EC0-301F-11D3-BF4B-00C04F79EFBC}") = "Blog.Servicios", "Blog.Servicios\Blog.Servicios.csproj", "{0B1C8631-2159-43E5-893D-9297B9149300}"
EndProject
Project("{FAE04EC0-301F-11D3-BF4B-00C04F79EFBC}") = "Blog.Smoothies", "Blog.Smoothies\Blog.Smoothies.csproj", "{79529EA5-BF92-48FB-8433-3D2741284A4A}"
EndProject
Project("{2150E333-8FDC-42A3-9474-1A3956D46DE8}") = "Común", "Común", "{23974DCE-C2BE-4A11-9065-B5C233633C91}"
EndProject
Project("{FAE04EC0-301F-11D3-BF4B-00C04F79EFBC}") = "Blog.Web", "Blog.Web\Blog.Web.csproj", "{8683673E-7A9F-4260-A797-4DB1636C4A08}"
EndProject
Project("{2150E333-8FDC-42A3-9474-1A3956D46DE8}") = "albertcapdevila.net", "albertcapdevila.net", "{77767113-68D5-450B-B478-EFD8B52207C8}"
EndProject
Project("{2150E333-8FDC-42A3-9474-1A3956D46DE8}") = "ByLauraGacia", "ByLauraGacia", "{3A71753E-0CFD-4B5C-8863-AB2A4A65B8A4}"
EndProject
Project("{FAE04EC0-301F-11D3-BF4B-00C04F79EFBC}") = "Ac.Datos", "Ac.Datos\Ac.Datos.csproj", "{79A733C7-F8DC-4B12-8E12-A636E55B7981}"
EndProject
Project("{FAE04EC0-301F-11D3-BF4B-00C04F79EFBC}") = "Ac.Modelo", "Ac.Modelo\Ac.Modelo.csproj", "{C897BA21-C79D-4112-A7B8-4B1E8DFB02BA}"
EndProject
Project("{FAE04EC0-301F-11D3-BF4B-00C04F79EFBC}") = "Infra", "Infra\Infra.csproj", "{2F0CC383-ACB6-46D8-AAE3-7BC1865D7219}"
EndProject
Global
	GlobalSection(SolutionConfigurationPlatforms) = preSolution
		Debug|Any CPU = Debug|Any CPU
		Release|Any CPU = Release|Any CPU
	EndGlobalSection
	GlobalSection(ProjectConfigurationPlatforms) = postSolution
		{263AF96B-9995-4111-B27E-FD6042E3CFE3}.Debug|Any CPU.ActiveCfg = Debug|Any CPU
		{263AF96B-9995-4111-B27E-FD6042E3CFE3}.Debug|Any CPU.Build.0 = Debug|Any CPU
		{263AF96B-9995-4111-B27E-FD6042E3CFE3}.Release|Any CPU.ActiveCfg = Release|Any CPU
		{263AF96B-9995-4111-B27E-FD6042E3CFE3}.Release|Any CPU.Build.0 = Release|Any CPU
		{B3095AC0-4CC7-4169-94B9-C85E2DC6E68D}.Debug|Any CPU.ActiveCfg = Debug|Any CPU
		{B3095AC0-4CC7-4169-94B9-C85E2DC6E68D}.Debug|Any CPU.Build.0 = Debug|Any CPU
		{B3095AC0-4CC7-4169-94B9-C85E2DC6E68D}.Release|Any CPU.ActiveCfg = Release|Any CPU
		{B3095AC0-4CC7-4169-94B9-C85E2DC6E68D}.Release|Any CPU.Build.0 = Release|Any CPU
		{1739CA45-9637-4B80-A054-C7A9B13C9657}.Debug|Any CPU.ActiveCfg = Debug|Any CPU
		{1739CA45-9637-4B80-A054-C7A9B13C9657}.Debug|Any CPU.Build.0 = Debug|Any CPU
		{1739CA45-9637-4B80-A054-C7A9B13C9657}.Release|Any CPU.ActiveCfg = Release|Any CPU
		{1739CA45-9637-4B80-A054-C7A9B13C9657}.Release|Any CPU.Build.0 = Release|Any CPU
		{0B1C8631-2159-43E5-893D-9297B9149300}.Debug|Any CPU.ActiveCfg = Debug|Any CPU
		{0B1C8631-2159-43E5-893D-9297B9149300}.Debug|Any CPU.Build.0 = Debug|Any CPU
		{0B1C8631-2159-43E5-893D-9297B9149300}.Release|Any CPU.ActiveCfg = Release|Any CPU
		{0B1C8631-2159-43E5-893D-9297B9149300}.Release|Any CPU.Build.0 = Release|Any CPU
		{79529EA5-BF92-48FB-8433-3D2741284A4A}.Debug|Any CPU.ActiveCfg = Debug|Any CPU
		{79529EA5-BF92-48FB-8433-3D2741284A4A}.Debug|Any CPU.Build.0 = Debug|Any CPU
		{79529EA5-BF92-48FB-8433-3D2741284A4A}.Release|Any CPU.ActiveCfg = Release|Any CPU
		{79529EA5-BF92-48FB-8433-3D2741284A4A}.Release|Any CPU.Build.0 = Release|Any CPU
		{8683673E-7A9F-4260-A797-4DB1636C4A08}.Debug|Any CPU.ActiveCfg = Debug|Any CPU
		{8683673E-7A9F-4260-A797-4DB1636C4A08}.Debug|Any CPU.Build.0 = Debug|Any CPU
		{8683673E-7A9F-4260-A797-4DB1636C4A08}.Release|Any CPU.ActiveCfg = Release|Any CPU
		{8683673E-7A9F-4260-A797-4DB1636C4A08}.Release|Any CPU.Build.0 = Release|Any CPU
		{79A733C7-F8DC-4B12-8E12-A636E55B7981}.Debug|Any CPU.ActiveCfg = Debug|Any CPU
		{79A733C7-F8DC-4B12-8E12-A636E55B7981}.Debug|Any CPU.Build.0 = Debug|Any CPU
		{79A733C7-F8DC-4B12-8E12-A636E55B7981}.Release|Any CPU.ActiveCfg = Release|Any CPU
		{79A733C7-F8DC-4B12-8E12-A636E55B7981}.Release|Any CPU.Build.0 = Release|Any CPU
		{C897BA21-C79D-4112-A7B8-4B1E8DFB02BA}.Debug|Any CPU.ActiveCfg = Debug|Any CPU
		{C897BA21-C79D-4112-A7B8-4B1E8DFB02BA}.Debug|Any CPU.Build.0 = Debug|Any CPU
		{C897BA21-C79D-4112-A7B8-4B1E8DFB02BA}.Release|Any CPU.ActiveCfg = Release|Any CPU
		{C897BA21-C79D-4112-A7B8-4B1E8DFB02BA}.Release|Any CPU.Build.0 = Release|Any CPU
		{2F0CC383-ACB6-46D8-AAE3-7BC1865D7219}.Debug|Any CPU.ActiveCfg = Debug|Any CPU
		{2F0CC383-ACB6-46D8-AAE3-7BC1865D7219}.Debug|Any CPU.Build.0 = Debug|Any CPU
		{2F0CC383-ACB6-46D8-AAE3-7BC1865D7219}.Release|Any CPU.ActiveCfg = Release|Any CPU
		{2F0CC383-ACB6-46D8-AAE3-7BC1865D7219}.Release|Any CPU.Build.0 = Release|Any CPU
	EndGlobalSection
	GlobalSection(SolutionProperties) = preSolution
		HideSolutionNode = FALSE
	EndGlobalSection
	GlobalSection(NestedProjects) = preSolution
		{263AF96B-9995-4111-B27E-FD6042E3CFE3} = {23974DCE-C2BE-4A11-9065-B5C233633C91}
		{B3095AC0-4CC7-4169-94B9-C85E2DC6E68D} = {23974DCE-C2BE-4A11-9065-B5C233633C91}
		{1739CA45-9637-4B80-A054-C7A9B13C9657} = {23974DCE-C2BE-4A11-9065-B5C233633C91}
		{0B1C8631-2159-43E5-893D-9297B9149300} = {23974DCE-C2BE-4A11-9065-B5C233633C91}
		{79529EA5-BF92-48FB-8433-3D2741284A4A} = {3A71753E-0CFD-4B5C-8863-AB2A4A65B8A4}
		{8683673E-7A9F-4260-A797-4DB1636C4A08} = {77767113-68D5-450B-B478-EFD8B52207C8}
		{79A733C7-F8DC-4B12-8E12-A636E55B7981} = {77767113-68D5-450B-B478-EFD8B52207C8}
		{C897BA21-C79D-4112-A7B8-4B1E8DFB02BA} = {77767113-68D5-450B-B478-EFD8B52207C8}
		{2F0CC383-ACB6-46D8-AAE3-7BC1865D7219} = {23974DCE-C2BE-4A11-9065-B5C233633C91}
	EndGlobalSection
	GlobalSection(ExtensibilityGlobals) = postSolution
		SolutionGuid = {44AA7B47-FB02-4240-979B-4D35B2F36160}
	EndGlobalSection
EndGlobal
